
Microsoft Visual Studio Solution File, Format Version 12.00
# Visual Studio 15
VisualStudioVersion = 15.0.28307.329
MinimumVisualStudioVersion = 10.0.40219.1
Project("{FAE04EC0-301F-11D3-BF4B-00C04F79EFBC}") = "WebAPI", "WebAPI\WebAPI.csproj", "{6381AE8D-5868-46E2-A846-3BE5F2742FD7}"
EndProject
Project("{FAE04EC0-301F-11D3-BF4B-00C04F79EFBC}") = "WebClient", "WebClient\WebClient.csproj", "{3D48A80F-D854-45CD-89AD-21E6D6C69FFC}"
EndProject
Global
	GlobalSection(SolutionConfigurationPlatforms) = preSolution
		Debug|Any CPU = Debug|Any CPU
		Release|Any CPU = Release|Any CPU
	EndGlobalSection
	GlobalSection(ProjectConfigurationPlatforms) = postSolution
		{6381AE8D-5868-46E2-A846-3BE5F2742FD7}.Debug|Any CPU.ActiveCfg = Debug|Any CPU
		{6381AE8D-5868-46E2-A846-3BE5F2742FD7}.Debug|Any CPU.Build.0 = Debug|Any CPU
		{6381AE8D-5868-46E2-A846-3BE5F2742FD7}.Release|Any CPU.ActiveCfg = Release|Any CPU
		{6381AE8D-5868-46E2-A846-3BE5F2742FD7}.Release|Any CPU.Build.0 = Release|Any CPU
		{3D48A80F-D854-45CD-89AD-21E6D6C69FFC}.Debug|Any CPU.ActiveCfg = Debug|Any CPU
		{3D48A80F-D854-45CD-89AD-21E6D6C69FFC}.Debug|Any CPU.Build.0 = Debug|Any CPU
		{3D48A80F-D854-45CD-89AD-21E6D6C69FFC}.Release|Any CPU.ActiveCfg = Release|Any CPU
		{3D48A80F-D854-45CD-89AD-21E6D6C69FFC}.Release|Any CPU.Build.0 = Release|Any CPU
	EndGlobalSection
	GlobalSection(SolutionProperties) = preSolution
		HideSolutionNode = FALSE
	EndGlobalSection
	GlobalSection(ExtensibilityGlobals) = postSolution
		SolutionGuid = {159A85D7-B21D-44CA-89BA-CBF2C076C358}
	EndGlobalSection
EndGlobal
